# THIS IS AN AUTOGENERATED FILE. DO NOT EDIT THIS FILE DIRECTLY.
# yarn lockfile v1


cargo-cp-artifact@^0.1:
  version "0.1.5"
  resolved "https://registry.nlark.com/cargo-cp-artifact/download/cargo-cp-artifact-0.1.5.tgz#2c35f7d658f22acfe9b1fa2774344d9a389efd14"
  integrity sha1-LDX31ljyKs/psfondDRNmjie/RQ=
